PODS:
  - CYLTabBarController (1.29.2):
    - CYLTabBarController/Core (= 1.29.2)
  - CYLTabBarController/Core (1.29.2)
  - GKPhotoBrowser (2.3.7):
    - GKPhotoBrowser/SD (= 2.3.7)
  - GKPhotoBrowser/Core (2.3.7)
  - GKPhotoBrowser/SD (2.3.7):
    - GKPhotoBrowser/Core
    - SDWebImage (~> 5.0)
  - Masonry (1.1.0)
  - PPMaker (0.0.265):
    - PPMaker/PPMake (= 0.0.265)
    - PPMaker/PPMakeCategory (= 0.0.265)
    - PPMaker/PPToolMaker (= 0.0.265)
  - PPMaker/PPMake (0.0.265):
    - PPMaker/PPMakeCategory
  - PPMaker/PPMakeCategory (0.0.265):
    - PPMaker/PPMakeCategory/Foundation (= 0.0.265)
    - PPMaker/PPMakeCategory/UIKit (= 0.0.265)
  - PPMaker/PPMakeCategory/Foundation (0.0.265):
    - PPMaker/PPMakeCategory/Foundation/NSDate (= 0.0.265)
    - PPMaker/PPMakeCategory/Foundation/NSMutableArray (= 0.0.265)
    - PPMaker/PPMakeCategory/Foundation/NSMutableAttributedString (= 0.0.265)
    - PPMaker/PPMakeCategory/Foundation/NSObject (= 0.0.265)
    - PPMaker/PPMakeCategory/Foundation/NSString (= 0.0.265)
  - PPMaker/PPMakeCategory/Foundation/NSDate (0.0.265)
  - PPMaker/PPMakeCategory/Foundation/NSMutableArray (0.0.265)
  - PPMaker/PPMakeCategory/Foundation/NSMutableAttributedString (0.0.265)
  - PPMaker/PPMakeCategory/Foundation/NSObject (0.0.265)
  - PPMaker/PPMakeCategory/Foundation/NSString (0.0.265)
  - PPMaker/PPMakeCategory/UIKit (0.0.265):
    - PPMaker/PPMakeCategory/UIKit/UIButton (= 0.0.265)
    - PPMaker/PPMakeCategory/UIKit/UIColor (= 0.0.265)
    - PPMaker/PPMakeCategory/UIKit/UIDevice (= 0.0.265)
    - PPMaker/PPMakeCategory/UIKit/UIImage (= 0.0.265)
    - PPMaker/PPMakeCategory/UIKit/UIScrollView (= 0.0.265)
    - PPMaker/PPMakeCategory/UIKit/UITableView (= 0.0.265)
    - PPMaker/PPMakeCategory/UIKit/UITableViewCell (= 0.0.265)
    - PPMaker/PPMakeCategory/UIKit/UIView (= 0.0.265)
    - PPMaker/PPMakeCategory/UIKit/UIViewController (= 0.0.265)
  - PPMaker/PPMakeCategory/UIKit/UIButton (0.0.265):
    - PPMaker/PPMakeCategory/Foundation/NSObject
  - PPMaker/PPMakeCategory/UIKit/UIColor (0.0.265)
  - PPMaker/PPMakeCategory/UIKit/UIDevice (0.0.265)
  - PPMaker/PPMakeCategory/UIKit/UIImage (0.0.265)
  - PPMaker/PPMakeCategory/UIKit/UIScrollView (0.0.265)
  - PPMaker/PPMakeCategory/UIKit/UITableView (0.0.265)
  - PPMaker/PPMakeCategory/UIKit/UITableViewCell (0.0.265)
  - PPMaker/PPMakeCategory/UIKit/UIView (0.0.265):
    - PPMaker/PPMakeCategory/Foundation/NSObject
  - PPMaker/PPMakeCategory/UIKit/UIViewController (0.0.265)
  - PPMaker/PPToolMaker (0.0.265)
  - Qiniu (7.2.6)
  - SDWebImage (5.12.5):
    - SDWebImage/Core (= 5.12.5)
  - SDWebImage/Core (5.12.5)

DEPENDENCIES:
  - CYLTabBarController
  - GKPhotoBrowser
  - Masonry (~> 1.1.0)
  - PPMaker (from `PPMaker`)
  - Qiniu (~> 7.2.5)

SPEC REPOS:
  https://github.com/CocoaPods/Specs.git:
    - CYLTabBarController
    - GKPhotoBrowser
    - Masonry
    - Qiniu
    - SDWebImage

EXTERNAL SOURCES:
  PPMaker:
    :path: PPMaker

SPEC CHECKSUMS:
  CYLTabBarController: db44b5901a28693a8a4279e4721b3aafdd36c178
  GKPhotoBrowser: 518e66eda2f421f8c255c1312e0a29b79876be70
  Masonry: 678fab65091a9290e40e2832a55e7ab731aad201
  PPMaker: ae625f87d2332b5f286734c15622a9feb9343c06
  Qiniu: 9d1f20dcc348919972b4ee1b1272f9b9d4a7e69e
  SDWebImage: 0905f1b7760fc8ac4198cae0036600d67478751e

PODFILE CHECKSUM: 0914bcbfe4eaf1dd8db729009211ded632945552

COCOAPODS: 1.11.2
