// !$*UTF8*$!
{
	archiveVersion = 1;
	classes = {
	};
	objectVersion = 50;
	objects = {

/* Begin PBXBuildFile section */
		57FFFDCC2107996A00ADD5DA /* AppDelegate.m in Sources */ = {isa = PBXBuildFile; fileRef = 57FFFDCB2107996A00ADD5DA /* AppDelegate.m */; };
		57FFFDCF2107996A00ADD5DA /* ViewController.m in Sources */ = {isa = PBXBuildFile; fileRef = 57FFFDCE2107996A00ADD5DA /* ViewController.m */; };
		57FFFDD22107996A00ADD5DA /* Main.storyboard in Resources */ = {isa = PBXBuildFile; fileRef = 57FFFDD02107996A00ADD5DA /* Main.storyboard */; };
		57FFFDD42107996C00ADD5DA /* Assets.xcassets in Resources */ = {isa = PBXBuildFile; fileRef = 57FFFDD32107996C00ADD5DA /* Assets.xcassets */; };
		57FFFDD72107996C00ADD5DA /* LaunchScreen.storyboard in Resources */ = {isa = PBXBuildFile; fileRef = 57FFFDD52107996C00ADD5DA /* LaunchScreen.storyboard */; };
		57FFFDDA2107996C00ADD5DA /* main.m in Sources */ = {isa = PBXBuildFile; fileRef = 57FFFDD92107996C00ADD5DA /* main.m */; };
/* End PBXBuildFile section */

/* Begin PBXFileReference section */
		57FFFDC72107996A00ADD5DA /* PPTextfieldExample.app */ = {isa = PBXFileReference; explicitFileType = wrapper.application; includeInIndex = 0; path = PPTextfieldExample.app; sourceTree = BUILT_PRODUCTS_DIR; };
		57FFFDCA2107996A00ADD5DA /* AppDelegate.h */ = {isa = PBXFileReference; lastKnownFileType = sourcecode.c.h; path = AppDelegate.h; sourceTree = "<group>"; };
		57FFFDCB2107996A00ADD5DA /* AppDelegate.m */ = {isa = PBXFileReference; lastKnownFileType = sourcecode.c.objc; path = AppDelegate.m; sourceTree = "<group>"; };
		57FFFDCD2107996A00ADD5DA /* ViewController.h */ = {isa = PBXFileReference; lastKnownFileType = sourcecode.c.h; path = ViewController.h; sourceTree = "<group>"; };
		57FFFDCE2107996A00ADD5DA /* ViewController.m */ = {isa = PBXFileReference; lastKnownFileType = sourcecode.c.objc; path = ViewController.m; sourceTree = "<group>"; };
		57FFFDD12107996A00ADD5DA /* Base */ = {isa = PBXFileReference; lastKnownFileType = file.storyboard; name = Base; path = Base.lproj/Main.storyboard; sourceTree = "<group>"; };
		57FFFDD32107996C00ADD5DA /* Assets.xcassets */ = {isa = PBXFileReference; lastKnownFileType = folder.assetcatalog; path = Assets.xcassets; sourceTree = "<group>"; };
		57FFFDD62107996C00ADD5DA /* Base */ = {isa = PBXFileReference; lastKnownFileType = file.storyboard; name = Base; path = Base.lproj/LaunchScreen.storyboard; sourceTree = "<group>"; };
		57FFFDD82107996C00ADD5DA /* Info.plist */ = {isa = PBXFileReference; lastKnownFileType = text.plist.xml; path = Info.plist; sourceTree = "<group>"; };
		57FFFDD92107996C00ADD5DA /* main.m */ = {isa = PBXFileReference; lastKnownFileType = sourcecode.c.objc; path = main.m; sourceTree = "<group>"; };
/* End PBXFileReference section */

/* Begin PBXFrameworksBuildPhase section */
		57FFFDC42107996A00ADD5DA /* Frameworks */ = {
			isa = PBXFrameworksBuildPhase;
			buildActionMask = 2147483647;
			files = (
			);
			runOnlyForDeploymentPostprocessing = 0;
		};
/* End PBXFrameworksBuildPhase section */

/* Begin PBXGroup section */
		57FFFDBE2107996A00ADD5DA = {
			isa = PBXGroup;
			children = (
				57FFFDC92107996A00ADD5DA /* PPTextfieldExample */,
				57FFFDC82107996A00ADD5DA /* Products */,
			);
			sourceTree = "<group>";
		};
		57FFFDC82107996A00ADD5DA /* Products */ = {
			isa = PBXGroup;
			children = (
				57FFFDC72107996A00ADD5DA /* PPTextfieldExample.app */,
			);
			name = Products;
			sourceTree = "<group>";
		};
		57FFFDC92107996A00ADD5DA /* PPTextfieldExample */ = {
			isa = PBXGroup;
			children = (
				57FFFDCA2107996A00ADD5DA /* AppDelegate.h */,
				57FFFDCB2107996A00ADD5DA /* AppDelegate.m */,
				57FFFDCD2107996A00ADD5DA /* ViewController.h */,
				57FFFDCE2107996A00ADD5DA /* ViewController.m */,
				57FFFDD02107996A00ADD5DA /* Main.storyboard */,
				57FFFDD32107996C00ADD5DA /* Assets.xcassets */,
				57FFFDD52107996C00ADD5DA /* LaunchScreen.storyboard */,
				57FFFDD82107996C00ADD5DA /* Info.plist */,
				57FFFDD92107996C00ADD5DA /* main.m */,
			);
			path = PPTextfieldExample;
			sourceTree = "<group>";
		};
/* End PBXGroup section */

/* Begin PBXNativeTarget section */
		57FFFDC62107996A00ADD5DA /* PPTextfieldExample */ = {
			isa = PBXNativeTarget;
			buildConfigurationList = 57FFFDDD2107996C00ADD5DA /* Build configuration list for PBXNativeTarget "PPTextfieldExample" */;
			buildPhases = (
				57FFFDC32107996A00ADD5DA /* Sources */,
				57FFFDC42107996A00ADD5DA /* Frameworks */,
				57FFFDC52107996A00ADD5DA /* Resources */,
			);
			buildRules = (
			);
			dependencies = (
			);
			name = PPTextfieldExample;
			productName = PPTextfieldExample;
			productReference = 57FFFDC72107996A00ADD5DA /* PPTextfieldExample.app */;
			productType = "com.apple.product-type.application";
		};
/* End PBXNativeTarget section */

/* Begin PBXProject section */
		57FFFDBF2107996A00ADD5DA /* Project object */ = {
			isa = PBXProject;
			attributes = {
				LastUpgradeCheck = 0940;
				ORGANIZATIONNAME = PPAbner;
				TargetAttributes = {
					57FFFDC62107996A00ADD5DA = {
						CreatedOnToolsVersion = 9.4.1;
					};
				};
			};
			buildConfigurationList = 57FFFDC22107996A00ADD5DA /* Build configuration list for PBXProject "PPTextfieldExample" */;
			compatibilityVersion = "Xcode 9.3";
			developmentRegion = en;
			hasScannedForEncodings = 0;
			knownRegions = (
				en,
				Base,
			);
			mainGroup = 57FFFDBE2107996A00ADD5DA;
			productRefGroup = 57FFFDC82107996A00ADD5DA /* Products */;
			projectDirPath = "";
			projectRoot = "";
			targets = (
				57FFFDC62107996A00ADD5DA /* PPTextfieldExample */,
			);
		};
/* End PBXProject section */

/* Begin PBXResourcesBuildPhase section */
		57FFFDC52107996A00ADD5DA /* Resources */ = {
			isa = PBXResourcesBuildPhase;
			buildActionMask = 2147483647;
			files = (
				57FFFDD72107996C00ADD5DA /* LaunchScreen.storyboard in Resources */,
				57FFFDD42107996C00ADD5DA /* Assets.xcassets in Resources */,
				57FFFDD22107996A00ADD5DA /* Main.storyboard in Resources */,
			);
			runOnlyForDeploymentPostprocessing = 0;
		};
/* End PBXResourcesBuildPhase section */

/* Begin PBXSourcesBuildPhase section */
		57FFFDC32107996A00ADD5DA /* Sources */ = {
			isa = PBXSourcesBuildPhase;
			buildActionMask = 2147483647;
			files = (
				57FFFDCF2107996A00ADD5DA /* ViewController.m in Sources */,
				57FFFDDA2107996C00ADD5DA /* main.m in Sources */,
				57FFFDCC2107996A00ADD5DA /* AppDelegate.m in Sources */,
			);
			runOnlyForDeploymentPostprocessing = 0;
		};
/* End PBXSourcesBuildPhase section */

/* Begin PBXVariantGroup section */
		57FFFDD02107996A00ADD5DA /* Main.storyboard */ = {
			isa = PBXVariantGroup;
			children = (
				57FFFDD12107996A00ADD5DA /* Base */,
			);
			name = Main.storyboard;
			sourceTree = "<group>";
		};
		57FFFDD52107996C00ADD5DA /* LaunchScreen.storyboard */ = {
			isa = PBXVariantGroup;
			children = (
				57FFFDD62107996C00ADD5DA /* Base */,
			);
			name = LaunchScreen.storyboard;
			sourceTree = "<group>";
		};
/* End PBXVariantGroup section */

/* Begin XCBuildConfiguration section */
		57FFFDDB2107996C00ADD5DA /* Debug */ = {
			isa = XCBuildConfiguration;
			buildSettings = {
				ALWAYS_SEARCH_USER_PATHS = NO;
				CLANG_ANALYZER_NONNULL = YES;
				CLANG_ANALYZER_NUMBER_OBJECT_CONVERSION = YES_AGGRESSIVE;
				CLANG_CXX_LANGUAGE_STANDARD = "gnu++14";
				CLANG_CXX_LIBRARY = "libc++";
				CLANG_ENABLE_MODULES = YES;
				CLANG_ENABLE_OBJC_ARC = YES;
				CLANG_ENABLE_OBJC_WEAK = YES;
				CLANG_WARN_BLOCK_CAPTURE_AUTORELEASING = YES;
				CLANG_WARN_BOOL_CONVERSION = YES;
				CLANG_WARN_COMMA = YES;
				CLANG_WARN_CONSTANT_CONVERSION = YES;
				CLANG_WARN_DEPRECATED_OBJC_IMPLEMENTATIONS = YES;
				CLANG_WARN_DIRECT_OBJC_ISA_USAGE = YES_ERROR;
				CLANG_WARN_DOCUMENTATION_COMMENTS = YES;
				CLANG_WARN_EMPTY_BODY = YES;
				CLANG_WARN_ENUM_CONVERSION = YES;
				CLANG_WARN_INFINITE_RECURSION = YES;
				CLANG_WARN_INT_CONVERSION = YES;
				CLANG_WARN_NON_LITERAL_NULL_CONVERSION = YES;
				CLANG_WARN_OBJC_IMPLICIT_RETAIN_SELF = YES;
				CLANG_WARN_OBJC_LITERAL_CONVERSION = YES;
				CLANG_WARN_OBJC_ROOT_CLASS = YES_ERROR;
				CLANG_WARN_RANGE_LOOP_ANALYSIS = YES;
				CLANG_WARN_STRICT_PROTOTYPES = YES;
				CLANG_WARN_SUSPICIOUS_MOVE = YES;
				CLANG_WARN_UNGUARDED_AVAILABILITY = YES_AGGRESSIVE;
				CLANG_WARN_UNREACHABLE_CODE = YES;
				CLANG_WARN__DUPLICATE_METHOD_MATCH = YES;
				CODE_SIGN_IDENTITY = "iPhone Developer";
				COPY_PHASE_STRIP = NO;
				DEBUG_INFORMATION_FORMAT = dwarf;
				ENABLE_STRICT_OBJC_MSGSEND = YES;
				ENABLE_TESTABILITY = YES;
				GCC_C_LANGUAGE_STANDARD = gnu11;
				GCC_DYNAMIC_NO_PIC = NO;
				GCC_NO_COMMON_BLOCKS = YES;
				GCC_OPTIMIZATION_LEVEL = 0;
				GCC_PREPROCESSOR_DEFINITIONS = (
					"DEBUG=1",
					"$(inherited)",
				);
				GCC_WARN_64_TO_32_BIT_CONVERSION = YES;
				GCC_WARN_ABOUT_RETURN_TYPE = YES_ERROR;
				GCC_WARN_UNDECLARED_SELECTOR = YES;
				GCC_WARN_UNINITIALIZED_AUTOS = YES_AGGRESSIVE;
				GCC_WARN_UNUSED_FUNCTION = YES;
				GCC_WARN_UNUSED_VARIABLE = YES;
				IPHONEOS_DEPLOYMENT_TARGET = 11.4;
				MTL_ENABLE_DEBUG_INFO = YES;
				ONLY_ACTIVE_ARCH = YES;
				SDKROOT = iphoneos;
			};
			name = Debug;
		};
		57FFFDDC2107996C00ADD5DA /* Release */ = {
			isa = XCBuildConfiguration;
			buildSettings = {
				ALWAYS_SEARCH_USER_PATHS = NO;
				CLANG_ANALYZER_NONNULL = YES;
				CLANG_ANALYZER_NUMBER_OBJECT_CONVERSION = YES_AGGRESSIVE;
				CLANG_CXX_LANGUAGE_STANDARD = "gnu++14";
				CLANG_CXX_LIBRARY = "libc++";
				CLANG_ENABLE_MODULES = YES;
				CLANG_ENABLE_OBJC_ARC = YES;
				CLANG_ENABLE_OBJC_WEAK = YES;
				CLANG_WARN_BLOCK_CAPTURE_AUTORELEASING = YES;
				CLANG_WARN_BOOL_CONVERSION = YES;
				CLANG_WARN_COMMA = YES;
				CLANG_WARN_CONSTANT_CONVERSION = YES;
				CLANG_WARN_DEPRECATED_OBJC_IMPLEMENTATIONS = YES;
				CLANG_WARN_DIRECT_OBJC_ISA_USAGE = YES_ERROR;
				CLANG_WARN_DOCUMENTATION_COMMENTS = YES;
				CLANG_WARN_EMPTY_BODY = YES;
				CLANG_WARN_ENUM_CONVERSION = YES;
				CLANG_WARN_INFINITE_RECURSION = YES;
				CLANG_WARN_INT_CONVERSION = YES;
				CLANG_WARN_NON_LITERAL_NULL_CONVERSION = YES;
				CLANG_WARN_OBJC_IMPLICIT_RETAIN_SELF = YES;
				CLANG_WARN_OBJC_LITERAL_CONVERSION = YES;
				CLANG_WARN_OBJC_ROOT_CLASS = YES_ERROR;
				CLANG_WARN_RANGE_LOOP_ANALYSIS = YES;
				CLANG_WARN_STRICT_PROTOTYPES = YES;
				CLANG_WARN_SUSPICIOUS_MOVE = YES;
				CLANG_WARN_UNGUARDED_AVAILABILITY = YES_AGGRESSIVE;
				CLANG_WARN_UNREACHABLE_CODE = YES;
				CLANG_WARN__DUPLICATE_METHOD_MATCH = YES;
				CODE_SIGN_IDENTITY = "iPhone Developer";
				COPY_PHASE_STRIP = NO;
				DEBUG_INFORMATION_FORMAT = "dwarf-with-dsym";
				ENABLE_NS_ASSERTIONS = NO;
				ENABLE_STRICT_OBJC_MSGSEND = YES;
				GCC_C_LANGUAGE_STANDARD = gnu11;
				GCC_NO_COMMON_BLOCKS = YES;
				GCC_WARN_64_TO_32_BIT_CONVERSION = YES;
				GCC_WARN_ABOUT_RETURN_TYPE = YES_ERROR;
				GCC_WARN_UNDECLARED_SELECTOR = YES;
				GCC_WARN_UNINITIALIZED_AUTOS = YES_AGGRESSIVE;
				GCC_WARN_UNUSED_FUNCTION = YES;
				GCC_WARN_UNUSED_VARIABLE = YES;
				IPHONEOS_DEPLOYMENT_TARGET = 11.4;
				MTL_ENABLE_DEBUG_INFO = NO;
				SDKROOT = iphoneos;
				VALIDATE_PRODUCT = YES;
			};
			name = Release;
		};
		57FFFDDE2107996C00ADD5DA /* Debug */ = {
			isa = XCBuildConfiguration;
			buildSettings = {
				ASSETCATALOG_COMPILER_APPICON_NAME = AppIcon;
				CODE_SIGN_STYLE = Automatic;
				INFOPLIST_FILE = PPTextfieldExample/Info.plist;
				LD_RUNPATH_SEARCH_PATHS = (
					"$(inherited)",
					"@executable_path/Frameworks",
				);
				PRODUCT_BUNDLE_IDENTIFIER = PPAbner.PPTextfieldExample;
				PRODUCT_NAME = "$(TARGET_NAME)";
				TARGETED_DEVICE_FAMILY = "1,2";
			};
			name = Debug;
		};
		57FFFDDF2107996C00ADD5DA /* Release */ = {
			isa = XCBuildConfiguration;
			buildSettings = {
				ASSETCATALOG_COMPILER_APPICON_NAME = AppIcon;
				CODE_SIGN_STYLE = Automatic;
				INFOPLIST_FILE = PPTextfieldExample/Info.plist;
				LD_RUNPATH_SEARCH_PATHS = (
					"$(inherited)",
					"@executable_path/Frameworks",
				);
				PRODUCT_BUNDLE_IDENTIFIER = PPAbner.PPTextfieldExample;
				PRODUCT_NAME = "$(TARGET_NAME)";
				TARGETED_DEVICE_FAMILY = "1,2";
			};
			name = Release;
		};
/* End XCBuildConfiguration section */

/* Begin XCConfigurationList section */
		57FFFDC22107996A00ADD5DA /* Build configuration list for PBXProject "PPTextfieldExample" */ = {
			isa = XCConfigurationList;
			buildConfigurations = (
				57FFFDDB2107996C00ADD5DA /* Debug */,
				57FFFDDC2107996C00ADD5DA /* Release */,
			);
			defaultConfigurationIsVisible = 0;
			defaultConfigurationName = Release;
		};
		57FFFDDD2107996C00ADD5DA /* Build configuration list for PBXNativeTarget "PPTextfieldExample" */ = {
			isa = XCConfigurationList;
			buildConfigurations = (
				57FFFDDE2107996C00ADD5DA /* Debug */,
				57FFFDDF2107996C00ADD5DA /* Release */,
			);
			defaultConfigurationIsVisible = 0;
			defaultConfigurationName = Release;
		};
/* End XCConfigurationList section */
	};
	rootObject = 57FFFDBF2107996A00ADD5DA /* Project object */;
}
